
Microsoft Visual Studio Solution File, Format Version 12.00
# Visual Studio Version 16
VisualStudioVersion = 16.0.31605.320
MinimumVisualStudioVersion = 10.0.40219.1
Project("{FAE04EC0-301F-11D3-BF4B-00C04F79EFBC}") = "Sonarcloud_CLI", "Sonarcloud_CLI.csproj", "{121708D0-F095-4FF7-A219-E734BB9BD2B5}"
EndProject
Global
	GlobalSection(SolutionConfigurationPlatforms) = preSolution
		Debug|Any CPU = Debug|Any CPU
		Release|Any CPU = Release|Any CPU
	EndGlobalSection
	GlobalSection(ProjectConfigurationPlatforms) = postSolution
		{121708D0-F095-4FF7-A219-E734BB9BD2B5}.Debug|Any CPU.ActiveCfg = Debug|Any CPU
		{121708D0-F095-4FF7-A219-E734BB9BD2B5}.Debug|Any CPU.Build.0 = Debug|Any CPU
		{121708D0-F095-4FF7-A219-E734BB9BD2B5}.Release|Any CPU.ActiveCfg = Release|Any CPU
		{121708D0-F095-4FF7-A219-E734BB9BD2B5}.Release|Any CPU.Build.0 = Release|Any CPU
	EndGlobalSection
	GlobalSection(SolutionProperties) = preSolution
		HideSolutionNode = FALSE
	EndGlobalSection
	GlobalSection(ExtensibilityGlobals) = postSolution
		SolutionGuid = {99498DE6-4F3B-4A25-B8F2-97549BFFCF8F}
	EndGlobalSection
EndGlobal
